
Microsoft Visual Studio Solution File, Format Version 12.00
# Visual Studio 2012
Project("{FAE04EC0-301F-11D3-BF4B-00C04F79EFBC}") = "Ultra.FAS", "Ultra.FAS\Ultra.FAS.csproj", "{FB0AEBDA-E2B4-4536-8766-BB2D2FFBF40F}"
EndProject
Project("{2150E333-8FDC-42A3-9474-1A3956D46DE8}") = "Lib", "Lib", "{C719AA85-E609-4B59-8EEC-7C90DF3D0BBC}"
EndProject
Project("{2150E333-8FDC-42A3-9474-1A3956D46DE8}") = "登录", "登录", "{9C46B75F-5003-4D14-A577-E28DCA099EA9}"
EndProject
Project("{2150E333-8FDC-42A3-9474-1A3956D46DE8}") = "系统管理", "系统管理", "{90B89812-1BED-46CB-8502-96F05D3AE794}"
EndProject
Project("{2150E333-8FDC-42A3-9474-1A3956D46DE8}") = "基础信息", "基础信息", "{D24D0399-8B50-49DD-B1CD-1BF1ECCEFC51}"
EndProject
Project("{2150E333-8FDC-42A3-9474-1A3956D46DE8}") = "库存管理", "库存管理", "{3148B260-2976-4B57-B594-047431C7FAE3}"
EndProject
Project("{2150E333-8FDC-42A3-9474-1A3956D46DE8}") = "成品", "成品", "{BEFE0716-2742-465E-A8DD-A34A90302263}"
EndProject
Project("{2150E333-8FDC-42A3-9474-1A3956D46DE8}") = "原材料", "原材料", "{9346D666-932C-4A3F-95D0-123E9BDFCC29}"
EndProject
Project("{2150E333-8FDC-42A3-9474-1A3956D46DE8}") = "订单管理", "订单管理", "{EEF8600F-D4B1-48BE-B1AF-D48E1DB805B7}"
EndProject
Project("{2150E333-8FDC-42A3-9474-1A3956D46DE8}") = "报表", "报表", "{466D301D-E9AD-4EF9-82AA-3156949CD4CB}"
EndProject
Project("{FAE04EC0-301F-11D3-BF4B-00C04F79EFBC}") = "Ultra.DbEntity", "Ultra.DbEntity\Ultra.DbEntity.csproj", "{CE990D0B-E38A-4552-A8B3-69DADED69E7B}"
EndProject
Project("{FAE04EC0-301F-11D3-BF4B-00C04F79EFBC}") = "Ultra.FAS.Refers", "Ultra.FAS.Refers\Ultra.FAS.Refers.csproj", "{9926343A-22D3-450A-B5B0-D03E402338D7}"
EndProject
Project("{FAE04EC0-301F-11D3-BF4B-00C04F79EFBC}") = "Ultra.FASControls", "Ultra.FASControls\Ultra.FASControls.csproj", "{F2A4A5D8-F88E-4F0D-88EF-C8CC3A86C102}"
EndProject
Project("{FAE04EC0-301F-11D3-BF4B-00C04F79EFBC}") = "FAS.User", "FAS.User\FAS.User.csproj", "{49F190EF-F4D1-4562-9933-A1768E07C174}"
EndProject
Project("{FAE04EC0-301F-11D3-BF4B-00C04F79EFBC}") = "FAS.Role", "FAS.Role\FAS.Role.csproj", "{74FF0330-C3AB-42C1-8BCC-1DF08E02C195}"
EndProject
Project("{FAE04EC0-301F-11D3-BF4B-00C04F79EFBC}") = "Ultra.FAS.Login", "Ultra.FAS.Login\Ultra.FAS.Login.csproj", "{3440643C-4C19-44B0-AF94-F2DB146C6832}"
EndProject
Project("{FAE04EC0-301F-11D3-BF4B-00C04F79EFBC}") = "Ultra.FAS.ERP", "Ultra.FAS.ERP\Ultra.FAS.ERP.csproj", "{3D70D3A5-CD15-4350-978D-C3AFE681AE28}"
EndProject
Project("{2150E333-8FDC-42A3-9474-1A3956D46DE8}") = "商品资料", "商品资料", "{28EE812C-E287-49E9-A038-38AED256CF5D}"
EndProject
Project("{FAE04EC0-301F-11D3-BF4B-00C04F79EFBC}") = "Ultra.FAS.Item", "Ultra.FAS.Item\Ultra.FAS.Item.csproj", "{37362189-7620-4149-971C-90877896BCC8}"
EndProject
Project("{FAE04EC0-301F-11D3-BF4B-00C04F79EFBC}") = "FAS.Material", "FAS.Material\FAS.Material.csproj", "{AE661F33-1A63-4D55-AE0C-754C42F1D81D}"
EndProject
Project("{FAE04EC0-301F-11D3-BF4B-00C04F79EFBC}") = "FAS.MaterialWare", "FAS.MaterialWare\FAS.MaterialWare.csproj", "{94CA36C0-D9B3-489A-ACC9-F210C813A891}"
EndProject
Project("{FAE04EC0-301F-11D3-BF4B-00C04F79EFBC}") = "Ultra.WareHouseEx", "Ultra.WareHouseEx\Ultra.WareHouseEx.csproj", "{BD1FF329-FB76-464F-8042-386C561E7491}"
EndProject
Project("{2150E333-8FDC-42A3-9474-1A3956D46DE8}") = "仓库管理", "仓库管理", "{2441A0CA-0774-445D-80C3-F148DEA71C70}"
EndProject
Project("{FAE04EC0-301F-11D3-BF4B-00C04F79EFBC}") = "Ultra.FAS.WareHouse", "Ultra.FAS.WareHouse\Ultra.FAS.WareHouse.csproj", "{97C072E4-352A-41D8-B4CF-E5BF73B9FA11}"
EndProject
Project("{2150E333-8FDC-42A3-9474-1A3956D46DE8}") = "工序工价", "工序工价", "{53E6DA8A-2F2A-49E3-96BF-AD9296F76E28}"
EndProject
Project("{FAE04EC0-301F-11D3-BF4B-00C04F79EFBC}") = "Ultra.FAS.Procedure", "Ultra.FAS.Procedure\Ultra.FAS.Procedure.csproj", "{D3FAD308-FB8D-4E7F-9C39-49AC92875062}"
EndProject
Project("{FAE04EC0-301F-11D3-BF4B-00C04F79EFBC}") = "FAS.Trade", "FAS.Trade\FAS.Trade.csproj", "{4D3441CB-7A38-4AF2-925F-CF51C64F7890}"
EndProject
Project("{2150E333-8FDC-42A3-9474-1A3956D46DE8}") = "财务管理", "财务管理", "{EDB9D2DE-E804-40EF-86A8-AA355BF70582}"
EndProject
Project("{FAE04EC0-301F-11D3-BF4B-00C04F79EFBC}") = "FAS.FinView", "FAS.FinView\FAS.FinView.csproj", "{38265DA4-8296-4A69-8E59-709134686437}"
EndProject
Project("{2150E333-8FDC-42A3-9474-1A3956D46DE8}") = "工人信息", "工人信息", "{566CE593-BAC3-482E-843D-CA1F7496B259}"
EndProject
Project("{FAE04EC0-301F-11D3-BF4B-00C04F79EFBC}") = "Ultra.FAS.Worker", "Ultra.FAS.Worker\Ultra.FAS.Worker.csproj", "{5AA3C703-718A-40F4-A482-9F3C83B2209C}"
EndProject
Project("{FAE04EC0-301F-11D3-BF4B-00C04F79EFBC}") = "FAS.ProduceMater", "FAS.ProceMater\FAS.ProduceMater.csproj", "{E1D66778-64AA-48FF-8919-3B0E0E462972}"
EndProject
Project("{FAE04EC0-301F-11D3-BF4B-00C04F79EFBC}") = "FAS.Report", "FAS.Report\FAS.Report.csproj", "{C533EB01-635A-4CEC-85CF-C4B92E82344E}"
EndProject
Project("{FAE04EC0-301F-11D3-BF4B-00C04F79EFBC}") = "FAS.PermitRole", "FAS.PermitRole\FAS.PermitRole.csproj", "{ACF7A2C7-E2FB-45D0-8A21-C9A25F8CE631}"
EndProject
Project("{FAE04EC0-301F-11D3-BF4B-00C04F79EFBC}") = "FAS.Suppliers", "FAS.Suppliers\FAS.Suppliers.csproj", "{BF3F3268-8D9A-42FC-9CAA-C164FFE876C6}"
EndProject
Project("{2150E333-8FDC-42A3-9474-1A3956D46DE8}") = "售后", "售后", "{95EB0D5C-391D-4AFE-824E-9F4ABFBAE69E}"
EndProject
Project("{FAE04EC0-301F-11D3-BF4B-00C04F79EFBC}") = "Ultra.FAS.Refund", "Ultra.FAS.Refund\Ultra.FAS.Refund.csproj", "{3C82512D-C55D-40BC-90F2-A11946DEDD16}"
EndProject
Project("{2150E333-8FDC-42A3-9474-1A3956D46DE8}") = "物料管理", "物料管理", "{513A3A93-DBD7-48AF-98F4-61404E33E98F}"
EndProject
Project("{2150E333-8FDC-42A3-9474-1A3956D46DE8}") = "供应商管理", "供应商管理", "{65136371-2043-4D8F-9948-7E4B94C7987B}"
EndProject
Project("{2150E333-8FDC-42A3-9474-1A3956D46DE8}") = "成品入库", "成品入库", "{981895E1-1937-4DBD-BA20-D9336EAA2130}"
EndProject
Project("{FAE04EC0-301F-11D3-BF4B-00C04F79EFBC}") = "FAS.InStockItem", "InStockItem\FAS.InStockItem.csproj", "{653971CE-7488-44F4-A750-3AF8502CA61E}"
EndProject
Project("{2150E333-8FDC-42A3-9474-1A3956D46DE8}") = "公司管理", "公司管理", "{23C06F3B-5807-4D25-95BC-A4352CE0EA95}"
EndProject
Project("{FAE04EC0-301F-11D3-BF4B-00C04F79EFBC}") = "FAS.Company", "FAS.Company\FAS.Company.csproj", "{3FBD4788-A0B2-49B8-B838-DADDF2C63133}"
EndProject
Project("{FAE04EC0-301F-11D3-BF4B-00C04F79EFBC}") = "FAS.TradeMark", "FAS.TradeMark\FAS.TradeMark.csproj", "{B698CE39-8F05-4325-BA96-1047CA6753E7}"
EndProject
Project("{2150E333-8FDC-42A3-9474-1A3956D46DE8}") = "商标", "商标", "{4716BD89-36FB-4A2C-B4B9-0A0B522C95DB}"
EndProject
Project("{FAE04EC0-301F-11D3-BF4B-00C04F79EFBC}") = "FAS.DataReport", "FAS.DataReport\FAS.DataReport.csproj", "{CBF55B39-DD46-4720-B11A-2E3D77D55B08}"
EndProject
Project("{2150E333-8FDC-42A3-9474-1A3956D46DE8}") = "商品售价", "商品售价", "{DD9385B0-37A6-4593-B354-8D2B52A36DFF}"
EndProject
Project("{FAE04EC0-301F-11D3-BF4B-00C04F79EFBC}") = "FAS.ItemPrice", "FAS.ItemPrice\FAS.ItemPrice.csproj", "{992AFC83-C76D-4F02-8C4A-2F910F3BFD28}"
EndProject
Project("{2150E333-8FDC-42A3-9474-1A3956D46DE8}") = "运费类型", "运费类型", "{67FBA9D1-E0E4-4406-965A-889C7894D345}"
EndProject
Project("{FAE04EC0-301F-11D3-BF4B-00C04F79EFBC}") = "FAS.PostFeeType", "FAS.PostFeeType\FAS.PostFeeType.csproj", "{78F871F7-6DEB-4C78-866E-19956882016F}"
EndProject
Global
	GlobalSection(SolutionConfigurationPlatforms) = preSolution
		Debug|Any CPU = Debug|Any CPU
		Release|Any CPU = Release|Any CPU
	EndGlobalSection
	GlobalSection(ProjectConfigurationPlatforms) = postSolution
		{FB0AEBDA-E2B4-4536-8766-BB2D2FFBF40F}.Debug|Any CPU.ActiveCfg = Debug|Any CPU
		{FB0AEBDA-E2B4-4536-8766-BB2D2FFBF40F}.Debug|Any CPU.Build.0 = Debug|Any CPU
		{FB0AEBDA-E2B4-4536-8766-BB2D2FFBF40F}.Release|Any CPU.ActiveCfg = Release|Any CPU
		{FB0AEBDA-E2B4-4536-8766-BB2D2FFBF40F}.Release|Any CPU.Build.0 = Release|Any CPU
		{CE990D0B-E38A-4552-A8B3-69DADED69E7B}.Debug|Any CPU.ActiveCfg = Debug|Any CPU
		{CE990D0B-E38A-4552-A8B3-69DADED69E7B}.Debug|Any CPU.Build.0 = Debug|Any CPU
		{CE990D0B-E38A-4552-A8B3-69DADED69E7B}.Release|Any CPU.ActiveCfg = Release|Any CPU
		{CE990D0B-E38A-4552-A8B3-69DADED69E7B}.Release|Any CPU.Build.0 = Release|Any CPU
		{9926343A-22D3-450A-B5B0-D03E402338D7}.Debug|Any CPU.ActiveCfg = Debug|Any CPU
		{9926343A-22D3-450A-B5B0-D03E402338D7}.Debug|Any CPU.Build.0 = Debug|Any CPU
		{9926343A-22D3-450A-B5B0-D03E402338D7}.Release|Any CPU.ActiveCfg = Release|Any CPU
		{9926343A-22D3-450A-B5B0-D03E402338D7}.Release|Any CPU.Build.0 = Release|Any CPU
		{F2A4A5D8-F88E-4F0D-88EF-C8CC3A86C102}.Debug|Any CPU.ActiveCfg = Debug|Any CPU
		{F2A4A5D8-F88E-4F0D-88EF-C8CC3A86C102}.Debug|Any CPU.Build.0 = Debug|Any CPU
		{F2A4A5D8-F88E-4F0D-88EF-C8CC3A86C102}.Release|Any CPU.ActiveCfg = Release|Any CPU
		{F2A4A5D8-F88E-4F0D-88EF-C8CC3A86C102}.Release|Any CPU.Build.0 = Release|Any CPU
		{49F190EF-F4D1-4562-9933-A1768E07C174}.Debug|Any CPU.ActiveCfg = Debug|Any CPU
		{49F190EF-F4D1-4562-9933-A1768E07C174}.Debug|Any CPU.Build.0 = Debug|Any CPU
		{49F190EF-F4D1-4562-9933-A1768E07C174}.Release|Any CPU.ActiveCfg = Release|Any CPU
		{49F190EF-F4D1-4562-9933-A1768E07C174}.Release|Any CPU.Build.0 = Release|Any CPU
		{74FF0330-C3AB-42C1-8BCC-1DF08E02C195}.Debug|Any CPU.ActiveCfg = Debug|Any CPU
		{74FF0330-C3AB-42C1-8BCC-1DF08E02C195}.Debug|Any CPU.Build.0 = Debug|Any CPU
		{74FF0330-C3AB-42C1-8BCC-1DF08E02C195}.Release|Any CPU.ActiveCfg = Release|Any CPU
		{74FF0330-C3AB-42C1-8BCC-1DF08E02C195}.Release|Any CPU.Build.0 = Release|Any CPU
		{3440643C-4C19-44B0-AF94-F2DB146C6832}.Debug|Any CPU.ActiveCfg = Debug|Any CPU
		{3440643C-4C19-44B0-AF94-F2DB146C6832}.Debug|Any CPU.Build.0 = Debug|Any CPU
		{3440643C-4C19-44B0-AF94-F2DB146C6832}.Release|Any CPU.ActiveCfg = Release|Any CPU
		{3440643C-4C19-44B0-AF94-F2DB146C6832}.Release|Any CPU.Build.0 = Release|Any CPU
		{3D70D3A5-CD15-4350-978D-C3AFE681AE28}.Debug|Any CPU.ActiveCfg = Debug|Any CPU
		{3D70D3A5-CD15-4350-978D-C3AFE681AE28}.Debug|Any CPU.Build.0 = Debug|Any CPU
		{3D70D3A5-CD15-4350-978D-C3AFE681AE28}.Release|Any CPU.ActiveCfg = Release|Any CPU
		{3D70D3A5-CD15-4350-978D-C3AFE681AE28}.Release|Any CPU.Build.0 = Release|Any CPU
		{37362189-7620-4149-971C-90877896BCC8}.Debug|Any CPU.ActiveCfg = Debug|Any CPU
		{37362189-7620-4149-971C-90877896BCC8}.Debug|Any CPU.Build.0 = Debug|Any CPU
		{37362189-7620-4149-971C-90877896BCC8}.Release|Any CPU.ActiveCfg = Release|Any CPU
		{37362189-7620-4149-971C-90877896BCC8}.Release|Any CPU.Build.0 = Release|Any CPU
		{AE661F33-1A63-4D55-AE0C-754C42F1D81D}.Debug|Any CPU.ActiveCfg = Debug|Any CPU
		{AE661F33-1A63-4D55-AE0C-754C42F1D81D}.Debug|Any CPU.Build.0 = Debug|Any CPU
		{AE661F33-1A63-4D55-AE0C-754C42F1D81D}.Release|Any CPU.ActiveCfg = Release|Any CPU
		{AE661F33-1A63-4D55-AE0C-754C42F1D81D}.Release|Any CPU.Build.0 = Release|Any CPU
		{94CA36C0-D9B3-489A-ACC9-F210C813A891}.Debug|Any CPU.ActiveCfg = Debug|Any CPU
		{94CA36C0-D9B3-489A-ACC9-F210C813A891}.Debug|Any CPU.Build.0 = Debug|Any CPU
		{94CA36C0-D9B3-489A-ACC9-F210C813A891}.Release|Any CPU.ActiveCfg = Release|Any CPU
		{94CA36C0-D9B3-489A-ACC9-F210C813A891}.Release|Any CPU.Build.0 = Release|Any CPU
		{BD1FF329-FB76-464F-8042-386C561E7491}.Debug|Any CPU.ActiveCfg = Debug|Any CPU
		{BD1FF329-FB76-464F-8042-386C561E7491}.Debug|Any CPU.Build.0 = Debug|Any CPU
		{BD1FF329-FB76-464F-8042-386C561E7491}.Release|Any CPU.ActiveCfg = Release|Any CPU
		{BD1FF329-FB76-464F-8042-386C561E7491}.Release|Any CPU.Build.0 = Release|Any CPU
		{97C072E4-352A-41D8-B4CF-E5BF73B9FA11}.Debug|Any CPU.ActiveCfg = Debug|Any CPU
		{97C072E4-352A-41D8-B4CF-E5BF73B9FA11}.Debug|Any CPU.Build.0 = Debug|Any CPU
		{97C072E4-352A-41D8-B4CF-E5BF73B9FA11}.Release|Any CPU.ActiveCfg = Release|Any CPU
		{97C072E4-352A-41D8-B4CF-E5BF73B9FA11}.Release|Any CPU.Build.0 = Release|Any CPU
		{D3FAD308-FB8D-4E7F-9C39-49AC92875062}.Debug|Any CPU.ActiveCfg = Debug|Any CPU
		{D3FAD308-FB8D-4E7F-9C39-49AC92875062}.Debug|Any CPU.Build.0 = Debug|Any CPU
		{D3FAD308-FB8D-4E7F-9C39-49AC92875062}.Release|Any CPU.ActiveCfg = Release|Any CPU
		{D3FAD308-FB8D-4E7F-9C39-49AC92875062}.Release|Any CPU.Build.0 = Release|Any CPU
		{4D3441CB-7A38-4AF2-925F-CF51C64F7890}.Debug|Any CPU.ActiveCfg = Debug|Any CPU
		{4D3441CB-7A38-4AF2-925F-CF51C64F7890}.Debug|Any CPU.Build.0 = Debug|Any CPU
		{4D3441CB-7A38-4AF2-925F-CF51C64F7890}.Release|Any CPU.ActiveCfg = Release|Any CPU
		{4D3441CB-7A38-4AF2-925F-CF51C64F7890}.Release|Any CPU.Build.0 = Release|Any CPU
		{38265DA4-8296-4A69-8E59-709134686437}.Debug|Any CPU.ActiveCfg = Debug|Any CPU
		{38265DA4-8296-4A69-8E59-709134686437}.Debug|Any CPU.Build.0 = Debug|Any CPU
		{38265DA4-8296-4A69-8E59-709134686437}.Release|Any CPU.ActiveCfg = Release|Any CPU
		{38265DA4-8296-4A69-8E59-709134686437}.Release|Any CPU.Build.0 = Release|Any CPU
		{5AA3C703-718A-40F4-A482-9F3C83B2209C}.Debug|Any CPU.ActiveCfg = Debug|Any CPU
		{5AA3C703-718A-40F4-A482-9F3C83B2209C}.Debug|Any CPU.Build.0 = Debug|Any CPU
		{5AA3C703-718A-40F4-A482-9F3C83B2209C}.Release|Any CPU.ActiveCfg = Release|Any CPU
		{5AA3C703-718A-40F4-A482-9F3C83B2209C}.Release|Any CPU.Build.0 = Release|Any CPU
		{E1D66778-64AA-48FF-8919-3B0E0E462972}.Debug|Any CPU.ActiveCfg = Debug|Any CPU
		{E1D66778-64AA-48FF-8919-3B0E0E462972}.Debug|Any CPU.Build.0 = Debug|Any CPU
		{E1D66778-64AA-48FF-8919-3B0E0E462972}.Release|Any CPU.ActiveCfg = Release|Any CPU
		{E1D66778-64AA-48FF-8919-3B0E0E462972}.Release|Any CPU.Build.0 = Release|Any CPU
		{C533EB01-635A-4CEC-85CF-C4B92E82344E}.Debug|Any CPU.ActiveCfg = Debug|Any CPU
		{C533EB01-635A-4CEC-85CF-C4B92E82344E}.Debug|Any CPU.Build.0 = Debug|Any CPU
		{C533EB01-635A-4CEC-85CF-C4B92E82344E}.Release|Any CPU.ActiveCfg = Release|Any CPU
		{C533EB01-635A-4CEC-85CF-C4B92E82344E}.Release|Any CPU.Build.0 = Release|Any CPU
		{ACF7A2C7-E2FB-45D0-8A21-C9A25F8CE631}.Debug|Any CPU.ActiveCfg = Debug|Any CPU
		{ACF7A2C7-E2FB-45D0-8A21-C9A25F8CE631}.Debug|Any CPU.Build.0 = Debug|Any CPU
		{ACF7A2C7-E2FB-45D0-8A21-C9A25F8CE631}.Release|Any CPU.ActiveCfg = Release|Any CPU
		{ACF7A2C7-E2FB-45D0-8A21-C9A25F8CE631}.Release|Any CPU.Build.0 = Release|Any CPU
		{BF3F3268-8D9A-42FC-9CAA-C164FFE876C6}.Debug|Any CPU.ActiveCfg = Debug|Any CPU
		{BF3F3268-8D9A-42FC-9CAA-C164FFE876C6}.Debug|Any CPU.Build.0 = Debug|Any CPU
		{BF3F3268-8D9A-42FC-9CAA-C164FFE876C6}.Release|Any CPU.ActiveCfg = Release|Any CPU
		{BF3F3268-8D9A-42FC-9CAA-C164FFE876C6}.Release|Any CPU.Build.0 = Release|Any CPU
		{3C82512D-C55D-40BC-90F2-A11946DEDD16}.Debug|Any CPU.ActiveCfg = Debug|Any CPU
		{3C82512D-C55D-40BC-90F2-A11946DEDD16}.Debug|Any CPU.Build.0 = Debug|Any CPU
		{3C82512D-C55D-40BC-90F2-A11946DEDD16}.Release|Any CPU.ActiveCfg = Release|Any CPU
		{3C82512D-C55D-40BC-90F2-A11946DEDD16}.Release|Any CPU.Build.0 = Release|Any CPU
		{653971CE-7488-44F4-A750-3AF8502CA61E}.Debug|Any CPU.ActiveCfg = Debug|Any CPU
		{653971CE-7488-44F4-A750-3AF8502CA61E}.Debug|Any CPU.Build.0 = Debug|Any CPU
		{653971CE-7488-44F4-A750-3AF8502CA61E}.Release|Any CPU.ActiveCfg = Release|Any CPU
		{653971CE-7488-44F4-A750-3AF8502CA61E}.Release|Any CPU.Build.0 = Release|Any CPU
		{3FBD4788-A0B2-49B8-B838-DADDF2C63133}.Debug|Any CPU.ActiveCfg = Debug|Any CPU
		{3FBD4788-A0B2-49B8-B838-DADDF2C63133}.Debug|Any CPU.Build.0 = Debug|Any CPU
		{3FBD4788-A0B2-49B8-B838-DADDF2C63133}.Release|Any CPU.ActiveCfg = Release|Any CPU
		{3FBD4788-A0B2-49B8-B838-DADDF2C63133}.Release|Any CPU.Build.0 = Release|Any CPU
		{B698CE39-8F05-4325-BA96-1047CA6753E7}.Debug|Any CPU.ActiveCfg = Debug|Any CPU
		{B698CE39-8F05-4325-BA96-1047CA6753E7}.Debug|Any CPU.Build.0 = Debug|Any CPU
		{B698CE39-8F05-4325-BA96-1047CA6753E7}.Release|Any CPU.ActiveCfg = Release|Any CPU
		{B698CE39-8F05-4325-BA96-1047CA6753E7}.Release|Any CPU.Build.0 = Release|Any CPU
		{CBF55B39-DD46-4720-B11A-2E3D77D55B08}.Debug|Any CPU.ActiveCfg = Debug|Any CPU
		{CBF55B39-DD46-4720-B11A-2E3D77D55B08}.Debug|Any CPU.Build.0 = Debug|Any CPU
		{CBF55B39-DD46-4720-B11A-2E3D77D55B08}.Release|Any CPU.ActiveCfg = Release|Any CPU
		{CBF55B39-DD46-4720-B11A-2E3D77D55B08}.Release|Any CPU.Build.0 = Release|Any CPU
		{992AFC83-C76D-4F02-8C4A-2F910F3BFD28}.Debug|Any CPU.ActiveCfg = Debug|Any CPU
		{992AFC83-C76D-4F02-8C4A-2F910F3BFD28}.Debug|Any CPU.Build.0 = Debug|Any CPU
		{992AFC83-C76D-4F02-8C4A-2F910F3BFD28}.Release|Any CPU.ActiveCfg = Release|Any CPU
		{992AFC83-C76D-4F02-8C4A-2F910F3BFD28}.Release|Any CPU.Build.0 = Release|Any CPU
		{78F871F7-6DEB-4C78-866E-19956882016F}.Debug|Any CPU.ActiveCfg = Debug|Any CPU
		{78F871F7-6DEB-4C78-866E-19956882016F}.Debug|Any CPU.Build.0 = Debug|Any CPU
		{78F871F7-6DEB-4C78-866E-19956882016F}.Release|Any CPU.ActiveCfg = Release|Any CPU
		{78F871F7-6DEB-4C78-866E-19956882016F}.Release|Any CPU.Build.0 = Release|Any CPU
	EndGlobalSection
	GlobalSection(SolutionProperties) = preSolution
		HideSolutionNode = FALSE
	EndGlobalSection
	GlobalSection(NestedProjects) = preSolution
		{FB0AEBDA-E2B4-4536-8766-BB2D2FFBF40F} = {9C46B75F-5003-4D14-A577-E28DCA099EA9}
		{3440643C-4C19-44B0-AF94-F2DB146C6832} = {9C46B75F-5003-4D14-A577-E28DCA099EA9}
		{3D70D3A5-CD15-4350-978D-C3AFE681AE28} = {9C46B75F-5003-4D14-A577-E28DCA099EA9}
		{CE990D0B-E38A-4552-A8B3-69DADED69E7B} = {C719AA85-E609-4B59-8EEC-7C90DF3D0BBC}
		{9926343A-22D3-450A-B5B0-D03E402338D7} = {C719AA85-E609-4B59-8EEC-7C90DF3D0BBC}
		{F2A4A5D8-F88E-4F0D-88EF-C8CC3A86C102} = {C719AA85-E609-4B59-8EEC-7C90DF3D0BBC}
		{49F190EF-F4D1-4562-9933-A1768E07C174} = {90B89812-1BED-46CB-8502-96F05D3AE794}
		{74FF0330-C3AB-42C1-8BCC-1DF08E02C195} = {90B89812-1BED-46CB-8502-96F05D3AE794}
		{ACF7A2C7-E2FB-45D0-8A21-C9A25F8CE631} = {90B89812-1BED-46CB-8502-96F05D3AE794}
		{28EE812C-E287-49E9-A038-38AED256CF5D} = {D24D0399-8B50-49DD-B1CD-1BF1ECCEFC51}
		{513A3A93-DBD7-48AF-98F4-61404E33E98F} = {D24D0399-8B50-49DD-B1CD-1BF1ECCEFC51}
		{2441A0CA-0774-445D-80C3-F148DEA71C70} = {D24D0399-8B50-49DD-B1CD-1BF1ECCEFC51}
		{53E6DA8A-2F2A-49E3-96BF-AD9296F76E28} = {D24D0399-8B50-49DD-B1CD-1BF1ECCEFC51}
		{566CE593-BAC3-482E-843D-CA1F7496B259} = {D24D0399-8B50-49DD-B1CD-1BF1ECCEFC51}
		{65136371-2043-4D8F-9948-7E4B94C7987B} = {D24D0399-8B50-49DD-B1CD-1BF1ECCEFC51}
		{23C06F3B-5807-4D25-95BC-A4352CE0EA95} = {D24D0399-8B50-49DD-B1CD-1BF1ECCEFC51}
		{4716BD89-36FB-4A2C-B4B9-0A0B522C95DB} = {D24D0399-8B50-49DD-B1CD-1BF1ECCEFC51}
		{DD9385B0-37A6-4593-B354-8D2B52A36DFF} = {D24D0399-8B50-49DD-B1CD-1BF1ECCEFC51}
		{67FBA9D1-E0E4-4406-965A-889C7894D345} = {D24D0399-8B50-49DD-B1CD-1BF1ECCEFC51}
		{BEFE0716-2742-465E-A8DD-A34A90302263} = {3148B260-2976-4B57-B594-047431C7FAE3}
		{9346D666-932C-4A3F-95D0-123E9BDFCC29} = {3148B260-2976-4B57-B594-047431C7FAE3}
		{BD1FF329-FB76-464F-8042-386C561E7491} = {BEFE0716-2742-465E-A8DD-A34A90302263}
		{94CA36C0-D9B3-489A-ACC9-F210C813A891} = {9346D666-932C-4A3F-95D0-123E9BDFCC29}
		{4D3441CB-7A38-4AF2-925F-CF51C64F7890} = {EEF8600F-D4B1-48BE-B1AF-D48E1DB805B7}
		{CBF55B39-DD46-4720-B11A-2E3D77D55B08} = {466D301D-E9AD-4EF9-82AA-3156949CD4CB}
		{37362189-7620-4149-971C-90877896BCC8} = {28EE812C-E287-49E9-A038-38AED256CF5D}
		{AE661F33-1A63-4D55-AE0C-754C42F1D81D} = {513A3A93-DBD7-48AF-98F4-61404E33E98F}
		{97C072E4-352A-41D8-B4CF-E5BF73B9FA11} = {2441A0CA-0774-445D-80C3-F148DEA71C70}
		{D3FAD308-FB8D-4E7F-9C39-49AC92875062} = {53E6DA8A-2F2A-49E3-96BF-AD9296F76E28}
		{38265DA4-8296-4A69-8E59-709134686437} = {EDB9D2DE-E804-40EF-86A8-AA355BF70582}
		{5AA3C703-718A-40F4-A482-9F3C83B2209C} = {566CE593-BAC3-482E-843D-CA1F7496B259}
		{BF3F3268-8D9A-42FC-9CAA-C164FFE876C6} = {65136371-2043-4D8F-9948-7E4B94C7987B}
		{3C82512D-C55D-40BC-90F2-A11946DEDD16} = {95EB0D5C-391D-4AFE-824E-9F4ABFBAE69E}
		{653971CE-7488-44F4-A750-3AF8502CA61E} = {981895E1-1937-4DBD-BA20-D9336EAA2130}
		{3FBD4788-A0B2-49B8-B838-DADDF2C63133} = {23C06F3B-5807-4D25-95BC-A4352CE0EA95}
		{B698CE39-8F05-4325-BA96-1047CA6753E7} = {4716BD89-36FB-4A2C-B4B9-0A0B522C95DB}
		{992AFC83-C76D-4F02-8C4A-2F910F3BFD28} = {DD9385B0-37A6-4593-B354-8D2B52A36DFF}
		{78F871F7-6DEB-4C78-866E-19956882016F} = {67FBA9D1-E0E4-4406-965A-889C7894D345}
	EndGlobalSection
EndGlobal
